// !$*UTF8*$!
{
	archiveVersion = 1;
	classes = {
	};
	objectVersion = 56;
	objects = {

/* Begin PBXBuildFile section */
		FAE1C5582CA559CD00AB13C3 /* AppPockedTrainerApp.swift in Sources */ = {isa = PBXBuildFile; fileRef = FAE1C5572CA559CD00AB13C3 /* AppPockedTrainerApp.swift */; };
		FAE1C55A2CA559CD00AB13C3 /* ContentView.swift in Sources */ = {isa = PBXBuildFile; fileRef = FAE1C5592CA559CD00AB13C3 /* ContentView.swift */; };
		FAE1C55C2CA559CE00AB13C3 /* Assets.xcassets in Resources */ = {isa = PBXBuildFile; fileRef = FAE1C55B2CA559CE00AB13C3 /* Assets.xcassets */; };
		FAE1C55F2CA559CE00AB13C3 /* Preview Assets.xcassets in Resources */ = {isa = PBXBuildFile; fileRef = FAE1C55E2CA559CE00AB13C3 /* Preview Assets.xcassets */; };
		FAE1C5662CA55A5000AB13C3 /* Muscules.swift in Sources */ = {isa = PBXBuildFile; fileRef = FAE1C5652CA55A5000AB13C3 /* Muscules.swift */; };
		FAE1C5682CA55A6500AB13C3 /* MyData.swift in Sources */ = {isa = PBXBuildFile; fileRef = FAE1C5672CA55A6500AB13C3 /* MyData.swift */; };
		FAE1C56C2CA55AD800AB13C3 /* NextView.swift in Sources */ = {isa = PBXBuildFile; fileRef = FAE1C56B2CA55AD800AB13C3 /* NextView.swift */; };
		FAE1C56E2CA55D1900AB13C3 /* Sholder.swift in Sources */ = {isa = PBXBuildFile; fileRef = FAE1C56D2CA55D1900AB13C3 /* Sholder.swift */; };
		FAE1C5702CA55E8600AB13C3 /* Chest.swift in Sources */ = {isa = PBXBuildFile; fileRef = FAE1C56F2CA55E8600AB13C3 /* Chest.swift */; };
		FAE1C5722CA55E9A00AB13C3 /* Back.swift in Sources */ = {isa = PBXBuildFile; fileRef = FAE1C5712CA55E9A00AB13C3 /* Back.swift */; };
		FAE1C5742CA55EB100AB13C3 /* Trapezia.swift in Sources */ = {isa = PBXBuildFile; fileRef = FAE1C5732CA55EB100AB13C3 /* Trapezia.swift */; };
		FAE1C5762CA55EC600AB13C3 /* Biceps.swift in Sources */ = {isa = PBXBuildFile; fileRef = FAE1C5752CA55EC600AB13C3 /* Biceps.swift */; };
		FAE1C5782CA55EE300AB13C3 /* Triceps.swift in Sources */ = {isa = PBXBuildFile; fileRef = FAE1C5772CA55EE300AB13C3 /* Triceps.swift */; };
		FAE1C57A2CA5605B00AB13C3 /* WebView.swift in Sources */ = {isa = PBXBuildFile; fileRef = FAE1C5792CA5605B00AB13C3 /* WebView.swift */; };
		FAE1C57C2CA560BD00AB13C3 /* Forearm.swift in Sources */ = {isa = PBXBuildFile; fileRef = FAE1C57B2CA560BD00AB13C3 /* Forearm.swift */; };
		FAE1C5872CA695CE00AB13C3 /* ByContactTrainer.swift in Sources */ = {isa = PBXBuildFile; fileRef = FAE1C5862CA695CE00AB13C3 /* ByContactTrainer.swift */; };
		FAE1C5A72CA9921200AB13C3 /* BoockTraining.swift in Sources */ = {isa = PBXBuildFile; fileRef = FAE1C5A62CA9921200AB13C3 /* BoockTraining.swift */; };
		FAE1C5A92CA9D5A100AB13C3 /* DDetailView.swift in Sources */ = {isa = PBXBuildFile; fileRef = FAE1C5A82CA9D5A100AB13C3 /* DDetailView.swift */; };
/* End PBXBuildFile section */

/* Begin PBXFileReference section */
		FAE1C5542CA559CD00AB13C3 /* AppPockedTrainer.app */ = {isa = PBXFileReference; explicitFileType = wrapper.application; includeInIndex = 0; path = AppPockedTrainer.app; sourceTree = BUILT_PRODUCTS_DIR; };
		FAE1C5572CA559CD00AB13C3 /* AppPockedTrainerApp.swift */ = {isa = PBXFileReference; lastKnownFileType = sourcecode.swift; path = AppPockedTrainerApp.swift; sourceTree = "<group>"; };
		FAE1C5592CA559CD00AB13C3 /* ContentView.swift */ = {isa = PBXFileReference; lastKnownFileType = sourcecode.swift; path = ContentView.swift; sourceTree = "<group>"; };
		FAE1C55B2CA559CE00AB13C3 /* Assets.xcassets */ = {isa = PBXFileReference; lastKnownFileType = folder.assetcatalog; path = Assets.xcassets; sourceTree = "<group>"; };
		FAE1C55E2CA559CE00AB13C3 /* Preview Assets.xcassets */ = {isa = PBXFileReference; lastKnownFileType = folder.assetcatalog; path = "Preview Assets.xcassets"; sourceTree = "<group>"; };
		FAE1C5652CA55A5000AB13C3 /* Muscules.swift */ = {isa = PBXFileReference; lastKnownFileType = sourcecode.swift; path = Muscules.swift; sourceTree = "<group>"; };
		FAE1C5672CA55A6500AB13C3 /* MyData.swift */ = {isa = PBXFileReference; lastKnownFileType = sourcecode.swift; path = MyData.swift; sourceTree = "<group>"; };
		FAE1C56B2CA55AD800AB13C3 /* NextView.swift */ = {isa = PBXFileReference; lastKnownFileType = sourcecode.swift; path = NextView.swift; sourceTree = "<group>"; };
		FAE1C56D2CA55D1900AB13C3 /* Sholder.swift */ = {isa = PBXFileReference; lastKnownFileType = sourcecode.swift; path = Sholder.swift; sourceTree = "<group>"; };
		FAE1C56F2CA55E8600AB13C3 /* Chest.swift */ = {isa = PBXFileReference; lastKnownFileType = sourcecode.swift; path = Chest.swift; sourceTree = "<group>"; };
		FAE1C5712CA55E9A00AB13C3 /* Back.swift */ = {isa = PBXFileReference; lastKnownFileType = sourcecode.swift; path = Back.swift; sourceTree = "<group>"; };
		FAE1C5732CA55EB100AB13C3 /* Trapezia.swift */ = {isa = PBXFileReference; lastKnownFileType = sourcecode.swift; path = Trapezia.swift; sourceTree = "<group>"; };
		FAE1C5752CA55EC600AB13C3 /* Biceps.swift */ = {isa = PBXFileReference; lastKnownFileType = sourcecode.swift; path = Biceps.swift; sourceTree = "<group>"; };
		FAE1C5772CA55EE300AB13C3 /* Triceps.swift */ = {isa = PBXFileReference; lastKnownFileType = sourcecode.swift; path = Triceps.swift; sourceTree = "<group>"; };
		FAE1C5792CA5605B00AB13C3 /* WebView.swift */ = {isa = PBXFileReference; lastKnownFileType = sourcecode.swift; path = WebView.swift; sourceTree = "<group>"; };
		FAE1C57B2CA560BD00AB13C3 /* Forearm.swift */ = {isa = PBXFileReference; lastKnownFileType = sourcecode.swift; path = Forearm.swift; sourceTree = "<group>"; };
		FAE1C5862CA695CE00AB13C3 /* ByContactTrainer.swift */ = {isa = PBXFileReference; lastKnownFileType = sourcecode.swift; path = ByContactTrainer.swift; sourceTree = "<group>"; };
		FAE1C5A62CA9921200AB13C3 /* BoockTraining.swift */ = {isa = PBXFileReference; fileEncoding = 4; lastKnownFileType = sourcecode.swift; name = BoockTraining.swift; path = "../../Програмування/Страховка/BoockTraining.swift"; sourceTree = "<group>"; };
		FAE1C5A82CA9D5A100AB13C3 /* DDetailView.swift */ = {isa = PBXFileReference; lastKnownFileType = sourcecode.swift; path = DDetailView.swift; sourceTree = "<group>"; };
/* End PBXFileReference section */

/* Begin PBXFrameworksBuildPhase section */
		FAE1C5512CA559CD00AB13C3 /* Frameworks */ = {
			isa = PBXFrameworksBuildPhase;
			buildActionMask = 2147483647;
			files = (
			);
			runOnlyForDeploymentPostprocessing = 0;
		};
/* End PBXFrameworksBuildPhase section */

/* Begin PBXGroup section */
		FAE1C54B2CA559CD00AB13C3 = {
			isa = PBXGroup;
			children = (
				FAE1C5562CA559CD00AB13C3 /* AppPockedTrainer */,
				FAE1C5552CA559CD00AB13C3 /* Products */,
			);
			sourceTree = "<group>";
		};
		FAE1C5552CA559CD00AB13C3 /* Products */ = {
			isa = PBXGroup;
			children = (
				FAE1C5542CA559CD00AB13C3 /* AppPockedTrainer.app */,
			);
			name = Products;
			sourceTree = "<group>";
		};
		FAE1C5562CA559CD00AB13C3 /* AppPockedTrainer */ = {
			isa = PBXGroup;
			children = (
				FAE1C5572CA559CD00AB13C3 /* AppPockedTrainerApp.swift */,
				FAE1C5592CA559CD00AB13C3 /* ContentView.swift */,
				FAE1C5652CA55A5000AB13C3 /* Muscules.swift */,
				FAE1C5672CA55A6500AB13C3 /* MyData.swift */,
				FAE1C5A62CA9921200AB13C3 /* BoockTraining.swift */,
				FAE1C56B2CA55AD800AB13C3 /* NextView.swift */,
				FAE1C5792CA5605B00AB13C3 /* WebView.swift */,
				FAE1C56F2CA55E8600AB13C3 /* Chest.swift */,
				FAE1C5712CA55E9A00AB13C3 /* Back.swift */,
				FAE1C5732CA55EB100AB13C3 /* Trapezia.swift */,
				FAE1C5752CA55EC600AB13C3 /* Biceps.swift */,
				FAE1C5772CA55EE300AB13C3 /* Triceps.swift */,
				FAE1C56D2CA55D1900AB13C3 /* Sholder.swift */,
				FAE1C57B2CA560BD00AB13C3 /* Forearm.swift */,
				FAE1C55B2CA559CE00AB13C3 /* Assets.xcassets */,
				FAE1C55D2CA559CE00AB13C3 /* Preview Content */,
				FAE1C5862CA695CE00AB13C3 /* ByContactTrainer.swift */,
				FAE1C5A82CA9D5A100AB13C3 /* DDetailView.swift */,
			);
			path = AppPockedTrainer;
			sourceTree = "<group>";
		};
		FAE1C55D2CA559CE00AB13C3 /* Preview Content */ = {
			isa = PBXGroup;
			children = (
				FAE1C55E2CA559CE00AB13C3 /* Preview Assets.xcassets */,
			);
			path = "Preview Content";
			sourceTree = "<group>";
		};
/* End PBXGroup section */

/* Begin PBXNativeTarget section */
		FAE1C5532CA559CD00AB13C3 /* AppPockedTrainer */ = {
			isa = PBXNativeTarget;
			buildConfigurationList = FAE1C5622CA559CE00AB13C3 /* Build configuration list for PBXNativeTarget "AppPockedTrainer" */;
			buildPhases = (
				FAE1C5502CA559CD00AB13C3 /* Sources */,
				FAE1C5512CA559CD00AB13C3 /* Frameworks */,
				FAE1C5522CA559CD00AB13C3 /* Resources */,
			);
			buildRules = (
			);
			dependencies = (
			);
			name = AppPockedTrainer;
			productName = AppPockedTrainer;
			productReference = FAE1C5542CA559CD00AB13C3 /* AppPockedTrainer.app */;
			productType = "com.apple.product-type.application";
		};
/* End PBXNativeTarget section */

/* Begin PBXProject section */
		FAE1C54C2CA559CD00AB13C3 /* Project object */ = {
			isa = PBXProject;
			attributes = {
				BuildIndependentTargetsInParallel = 1;
				LastSwiftUpdateCheck = 1540;
				LastUpgradeCheck = 1540;
				TargetAttributes = {
					FAE1C5532CA559CD00AB13C3 = {
						CreatedOnToolsVersion = 15.4;
					};
				};
			};
			buildConfigurationList = FAE1C54F2CA559CD00AB13C3 /* Build configuration list for PBXProject "AppPockedTrainer" */;
			compatibilityVersion = "Xcode 14.0";
			developmentRegion = en;
			hasScannedForEncodings = 0;
			knownRegions = (
				en,
				Base,
			);
			mainGroup = FAE1C54B2CA559CD00AB13C3;
			productRefGroup = FAE1C5552CA559CD00AB13C3 /* Products */;
			projectDirPath = "";
			projectRoot = "";
			targets = (
				FAE1C5532CA559CD00AB13C3 /* AppPockedTrainer */,
			);
		};
/* End PBXProject section */

/* Begin PBXResourcesBuildPhase section */
		FAE1C5522CA559CD00AB13C3 /* Resources */ = {
			isa = PBXResourcesBuildPhase;
			buildActionMask = 2147483647;
			files = (
				FAE1C55F2CA559CE00AB13C3 /* Preview Assets.xcassets in Resources */,
				FAE1C55C2CA559CE00AB13C3 /* Assets.xcassets in Resources */,
			);
			runOnlyForDeploymentPostprocessing = 0;
		};
/* End PBXResourcesBuildPhase section */

/* Begin PBXSourcesBuildPhase section */
		FAE1C5502CA559CD00AB13C3 /* Sources */ = {
			isa = PBXSourcesBuildPhase;
			buildActionMask = 2147483647;
			files = (
				FAE1C55A2CA559CD00AB13C3 /* ContentView.swift in Sources */,
				FAE1C5872CA695CE00AB13C3 /* ByContactTrainer.swift in Sources */,
				FAE1C5A72CA9921200AB13C3 /* BoockTraining.swift in Sources */,
				FAE1C57C2CA560BD00AB13C3 /* Forearm.swift in Sources */,
				FAE1C57A2CA5605B00AB13C3 /* WebView.swift in Sources */,
				FAE1C56E2CA55D1900AB13C3 /* Sholder.swift in Sources */,
				FAE1C5742CA55EB100AB13C3 /* Trapezia.swift in Sources */,
				FAE1C5662CA55A5000AB13C3 /* Muscules.swift in Sources */,
				FAE1C5722CA55E9A00AB13C3 /* Back.swift in Sources */,
				FAE1C5782CA55EE300AB13C3 /* Triceps.swift in Sources */,
				FAE1C5582CA559CD00AB13C3 /* AppPockedTrainerApp.swift in Sources */,
				FAE1C5762CA55EC600AB13C3 /* Biceps.swift in Sources */,
				FAE1C5702CA55E8600AB13C3 /* Chest.swift in Sources */,
				FAE1C5682CA55A6500AB13C3 /* MyData.swift in Sources */,
				FAE1C5A92CA9D5A100AB13C3 /* DDetailView.swift in Sources */,
				FAE1C56C2CA55AD800AB13C3 /* NextView.swift in Sources */,
			);
			runOnlyForDeploymentPostprocessing = 0;
		};
/* End PBXSourcesBuildPhase section */

/* Begin XCBuildConfiguration section */
		FAE1C5602CA559CE00AB13C3 /* Debug */ = {
			isa = XCBuildConfiguration;
			buildSettings = {
				ALWAYS_SEARCH_USER_PATHS = NO;
				ASSETCATALOG_COMPILER_GENERATE_SWIFT_ASSET_SYMBOL_EXTENSIONS = YES;
				CLANG_ANALYZER_NONNULL = YES;
				CLANG_ANALYZER_NUMBER_OBJECT_CONVERSION = YES_AGGRESSIVE;
				CLANG_CXX_LANGUAGE_STANDARD = "gnu++20";
				CLANG_ENABLE_MODULES = YES;
				CLANG_ENABLE_OBJC_ARC = YES;
				CLANG_ENABLE_OBJC_WEAK = YES;
				CLANG_WARN_BLOCK_CAPTURE_AUTORELEASING = YES;
				CLANG_WARN_BOOL_CONVERSION = YES;
				CLANG_WARN_COMMA = YES;
				CLANG_WARN_CONSTANT_CONVERSION = YES;
				CLANG_WARN_DEPRECATED_OBJC_IMPLEMENTATIONS = YES;
				CLANG_WARN_DIRECT_OBJC_ISA_USAGE = YES_ERROR;
				CLANG_WARN_DOCUMENTATION_COMMENTS = YES;
				CLANG_WARN_EMPTY_BODY = YES;
				CLANG_WARN_ENUM_CONVERSION = YES;
				CLANG_WARN_INFINITE_RECURSION = YES;
				CLANG_WARN_INT_CONVERSION = YES;
				CLANG_WARN_NON_LITERAL_NULL_CONVERSION = YES;
				CLANG_WARN_OBJC_IMPLICIT_RETAIN_SELF = YES;
				CLANG_WARN_OBJC_LITERAL_CONVERSION = YES;
				CLANG_WARN_OBJC_ROOT_CLASS = YES_ERROR;
				CLANG_WARN_QUOTED_INCLUDE_IN_FRAMEWORK_HEADER = YES;
				CLANG_WARN_RANGE_LOOP_ANALYSIS = YES;
				CLANG_WARN_STRICT_PROTOTYPES = YES;
				CLANG_WARN_SUSPICIOUS_MOVE = YES;
				CLANG_WARN_UNGUARDED_AVAILABILITY = YES_AGGRESSIVE;
				CLANG_WARN_UNREACHABLE_CODE = YES;
				CLANG_WARN__DUPLICATE_METHOD_MATCH = YES;
				COPY_PHASE_STRIP = NO;
				DEBUG_INFORMATION_FORMAT = dwarf;
				ENABLE_STRICT_OBJC_MSGSEND = YES;
				ENABLE_TESTABILITY = YES;
				ENABLE_USER_SCRIPT_SANDBOXING = YES;
				GCC_C_LANGUAGE_STANDARD = gnu17;
				GCC_DYNAMIC_NO_PIC = NO;
				GCC_NO_COMMON_BLOCKS = YES;
				GCC_OPTIMIZATION_LEVEL = 0;
				GCC_PREPROCESSOR_DEFINITIONS = (
					"DEBUG=1",
					"$(inherited)",
				);
				GCC_WARN_64_TO_32_BIT_CONVERSION = YES;
				GCC_WARN_ABOUT_RETURN_TYPE = YES_ERROR;
				GCC_WARN_UNDECLARED_SELECTOR = YES;
				GCC_WARN_UNINITIALIZED_AUTOS = YES_AGGRESSIVE;
				GCC_WARN_UNUSED_FUNCTION = YES;
				GCC_WARN_UNUSED_VARIABLE = YES;
				IPHONEOS_DEPLOYMENT_TARGET = 17.5;
				LOCALIZATION_PREFERS_STRING_CATALOGS = YES;
				MTL_ENABLE_DEBUG_INFO = INCLUDE_SOURCE;
				MTL_FAST_MATH = YES;
				ONLY_ACTIVE_ARCH = YES;
				SDKROOT = iphoneos;
				SWIFT_ACTIVE_COMPILATION_CONDITIONS = "DEBUG $(inherited)";
				SWIFT_OPTIMIZATION_LEVEL = "-Onone";
			};
			name = Debug;
		};
		FAE1C5612CA559CE00AB13C3 /* Release */ = {
			isa = XCBuildConfiguration;
			buildSettings = {
				ALWAYS_SEARCH_USER_PATHS = NO;
				ASSETCATALOG_COMPILER_GENERATE_SWIFT_ASSET_SYMBOL_EXTENSIONS = YES;
				CLANG_ANALYZER_NONNULL = YES;
				CLANG_ANALYZER_NUMBER_OBJECT_CONVERSION = YES_AGGRESSIVE;
				CLANG_CXX_LANGUAGE_STANDARD = "gnu++20";
				CLANG_ENABLE_MODULES = YES;
				CLANG_ENABLE_OBJC_ARC = YES;
				CLANG_ENABLE_OBJC_WEAK = YES;
				CLANG_WARN_BLOCK_CAPTURE_AUTORELEASING = YES;
				CLANG_WARN_BOOL_CONVERSION = YES;
				CLANG_WARN_COMMA = YES;
				CLANG_WARN_CONSTANT_CONVERSION = YES;
				CLANG_WARN_DEPRECATED_OBJC_IMPLEMENTATIONS = YES;
				CLANG_WARN_DIRECT_OBJC_ISA_USAGE = YES_ERROR;
				CLANG_WARN_DOCUMENTATION_COMMENTS = YES;
				CLANG_WARN_EMPTY_BODY = YES;
				CLANG_WARN_ENUM_CONVERSION = YES;
				CLANG_WARN_INFINITE_RECURSION = YES;
				CLANG_WARN_INT_CONVERSION = YES;
				CLANG_WARN_NON_LITERAL_NULL_CONVERSION = YES;
				CLANG_WARN_OBJC_IMPLICIT_RETAIN_SELF = YES;
				CLANG_WARN_OBJC_LITERAL_CONVERSION = YES;
				CLANG_WARN_OBJC_ROOT_CLASS = YES_ERROR;
				CLANG_WARN_QUOTED_INCLUDE_IN_FRAMEWORK_HEADER = YES;
				CLANG_WARN_RANGE_LOOP_ANALYSIS = YES;
				CLANG_WARN_STRICT_PROTOTYPES = YES;
				CLANG_WARN_SUSPICIOUS_MOVE = YES;
				CLANG_WARN_UNGUARDED_AVAILABILITY = YES_AGGRESSIVE;
				CLANG_WARN_UNREACHABLE_CODE = YES;
				CLANG_WARN__DUPLICATE_METHOD_MATCH = YES;
				COPY_PHASE_STRIP = NO;
				DEBUG_INFORMATION_FORMAT = "dwarf-with-dsym";
				ENABLE_NS_ASSERTIONS = NO;
				ENABLE_STRICT_OBJC_MSGSEND = YES;
				ENABLE_USER_SCRIPT_SANDBOXING = YES;
				GCC_C_LANGUAGE_STANDARD = gnu17;
				GCC_NO_COMMON_BLOCKS = YES;
				GCC_WARN_64_TO_32_BIT_CONVERSION = YES;
				GCC_WARN_ABOUT_RETURN_TYPE = YES_ERROR;
				GCC_WARN_UNDECLARED_SELECTOR = YES;
				GCC_WARN_UNINITIALIZED_AUTOS = YES_AGGRESSIVE;
				GCC_WARN_UNUSED_FUNCTION = YES;
				GCC_WARN_UNUSED_VARIABLE = YES;
				IPHONEOS_DEPLOYMENT_TARGET = 17.5;
				LOCALIZATION_PREFERS_STRING_CATALOGS = YES;
				MTL_ENABLE_DEBUG_INFO = NO;
				MTL_FAST_MATH = YES;
				SDKROOT = iphoneos;
				SWIFT_COMPILATION_MODE = wholemodule;
				VALIDATE_PRODUCT = YES;
			};
			name = Release;
		};
		FAE1C5632CA559CE00AB13C3 /* Debug */ = {
			isa = XCBuildConfiguration;
			buildSettings = {
				ASSETCATALOG_COMPILER_APPICON_NAME = AppIcon;
				ASSETCATALOG_COMPILER_GLOBAL_ACCENT_COLOR_NAME = AccentColor;
				CODE_SIGN_STYLE = Automatic;
				CURRENT_PROJECT_VERSION = 1;
				DEVELOPMENT_ASSET_PATHS = "\"AppPockedTrainer/Preview Content\"";
				DEVELOPMENT_TEAM = KPGRRVK2ZB;
				ENABLE_PREVIEWS = YES;
				GENERATE_INFOPLIST_FILE = YES;
				INFOPLIST_KEY_UIApplicationSceneManifest_Generation = YES;
				INFOPLIST_KEY_UIApplicationSupportsIndirectInputEvents = YES;
				INFOPLIST_KEY_UILaunchScreen_Generation = YES;
				INFOPLIST_KEY_UISupportedInterfaceOrientations = UIInterfaceOrientationPortrait;
				INFOPLIST_KEY_UISupportedInterfaceOrientations_iPad = "UIInterfaceOrientationLandscapeLeft UIInterfaceOrientationLandscapeRight UIInterfaceOrientationPortrait UIInterfaceOrientationPortraitUpsideDown";
				LD_RUNPATH_SEARCH_PATHS = (
					"$(inherited)",
					"@executable_path/Frameworks",
				);
				MARKETING_VERSION = 1.0;
				PRODUCT_BUNDLE_IDENTIFIER = Kravitscky.AppPockedTrainer;
				PRODUCT_NAME = "$(TARGET_NAME)";
				SUPPORTED_PLATFORMS = "iphoneos iphonesimulator";
				SUPPORTS_MACCATALYST = NO;
				SUPPORTS_MAC_DESIGNED_FOR_IPHONE_IPAD = NO;
				SUPPORTS_XR_DESIGNED_FOR_IPHONE_IPAD = NO;
				SWIFT_EMIT_LOC_STRINGS = YES;
				SWIFT_VERSION = 5.0;
				TARGETED_DEVICE_FAMILY = 1;
			};
			name = Debug;
		};
		FAE1C5642CA559CE00AB13C3 /* Release */ = {
			isa = XCBuildConfiguration;
			buildSettings = {
				ASSETCATALOG_COMPILER_APPICON_NAME = AppIcon;
				ASSETCATALOG_COMPILER_GLOBAL_ACCENT_COLOR_NAME = AccentColor;
				CODE_SIGN_STYLE = Automatic;
				CURRENT_PROJECT_VERSION = 1;
				DEVELOPMENT_ASSET_PATHS = "\"AppPockedTrainer/Preview Content\"";
				DEVELOPMENT_TEAM = KPGRRVK2ZB;
				ENABLE_PREVIEWS = YES;
				GENERATE_INFOPLIST_FILE = YES;
				INFOPLIST_KEY_UIApplicationSceneManifest_Generation = YES;
				INFOPLIST_KEY_UIApplicationSupportsIndirectInputEvents = YES;
				INFOPLIST_KEY_UILaunchScreen_Generation = YES;
				INFOPLIST_KEY_UISupportedInterfaceOrientations = UIInterfaceOrientationPortrait;
				INFOPLIST_KEY_UISupportedInterfaceOrientations_iPad = "UIInterfaceOrientationLandscapeLeft UIInterfaceOrientationLandscapeRight UIInterfaceOrientationPortrait UIInterfaceOrientationPortraitUpsideDown";
				LD_RUNPATH_SEARCH_PATHS = (
					"$(inherited)",
					"@executable_path/Frameworks",
				);
				MARKETING_VERSION = 1.0;
				PRODUCT_BUNDLE_IDENTIFIER = Kravitscky.AppPockedTrainer;
				PRODUCT_NAME = "$(TARGET_NAME)";
				SUPPORTED_PLATFORMS = "iphoneos iphonesimulator";
				SUPPORTS_MACCATALYST = NO;
				SUPPORTS_MAC_DESIGNED_FOR_IPHONE_IPAD = NO;
				SUPPORTS_XR_DESIGNED_FOR_IPHONE_IPAD = NO;
				SWIFT_EMIT_LOC_STRINGS = YES;
				SWIFT_VERSION = 5.0;
				TARGETED_DEVICE_FAMILY = 1;
			};
			name = Release;
		};
/* End XCBuildConfiguration section */

/* Begin XCConfigurationList section */
		FAE1C54F2CA559CD00AB13C3 /* Build configuration list for PBXProject "AppPockedTrainer" */ = {
			isa = XCConfigurationList;
			buildConfigurations = (
				FAE1C5602CA559CE00AB13C3 /* Debug */,
				FAE1C5612CA559CE00AB13C3 /* Release */,
			);
			defaultConfigurationIsVisible = 0;
			defaultConfigurationName = Release;
		};
		FAE1C5622CA559CE00AB13C3 /* Build configuration list for PBXNativeTarget "AppPockedTrainer" */ = {
			isa = XCConfigurationList;
			buildConfigurations = (
				FAE1C5632CA559CE00AB13C3 /* Debug */,
				FAE1C5642CA559CE00AB13C3 /* Release */,
			);
			defaultConfigurationIsVisible = 0;
			defaultConfigurationName = Release;
		};
/* End XCConfigurationList section */
	};
	rootObject = FAE1C54C2CA559CD00AB13C3 /* Project object */;
}
